dependencies:
- name: ollama
  repository: https://otwld.github.io/ollama-helm/
  version: 1.21.0
- name: ollama
  repository: https://otwld.github.io/ollama-helm/
  version: 1.21.0
- name: common
  repository: https://charts.bitnami.com/bitnami
  version: 2.31.3
digest: sha256:f71e3c78c583e3dedb1769a510e4edba4865031d34793e8176d2e54a947bb917
generated: "2025-06-27T08:01:49.732376+02:00"
