dependencies:
- name: app-template
  repository: https://bjw-s-labs.github.io/helm-charts
  version: 4.6.2
- name: common
  repository: file://../../home-apps/common
  version: 2.31.4
- name: mongodb
  repository: https://charts.bitnami.com/bitnami
  version: 18.6.0
- name: meilisearch
  repository: https://meilisearch.github.io/meilisearch-kubernetes
  version: 0.25.1
digest: sha256:ecff2d1a3d43b649449149d754835a4db6b303bd5f9d6a6ccb31af803edb81ff
generated: "2026-02-23T23:33:06.187526+01:00"
