dependencies:
- name: common
  repository: oci://registry-1.docker.io/bitnamicharts
  version: 2.31.3
- name: litellm-helm
  repository: oci://ghcr.io/berriai
  version: 0.1.719
digest: sha256:3cc0b5a89f920174427ad1995248814b980e32cc2a9bdb9096a970e03c76637f
generated: "2025-07-05T15:33:56.219471+02:00"
