dependencies:
- name: app-template
  repository: https://bjw-s-labs.github.io/helm-charts
  version: 4.6.0
- name: common
  repository: https://charts.bitnami.com/bitnami
  version: 2.31.3
digest: sha256:cd722a8e01b3ea42fbe436d26e9e72a5f16fb367efbbb4e9c2674b2bfd350b5e
generated: "2026-01-14T23:16:59.163111+01:00"
