dependencies:
- name: nocodb
  repository: https://zekker6.github.io/helm-charts
  version: 1.3.0
- name: common
  repository: https://charts.bitnami.com/bitnami
  version: 2.31.4
digest: sha256:a941285b9a1bb14fb5f9f0cce959d2e605a14e4713b21944a9378bb61cb03af0
generated: "2025-10-06T01:21:13.232192+02:00"
