dependencies:
- name: common
  repository: https://charts.bitnami.com/bitnami
  version: 2.31.3
- name: kube-prometheus-stack
  repository: https://prometheus-community.github.io/helm-charts
  version: 75.15.0
- name: loki
  repository: https://grafana.github.io/helm-charts
  version: 6.33.0
- name: tempo
  repository: https://grafana.github.io/helm-charts
  version: 1.23.2
digest: sha256:00253bfba905436f636138a50e965ba75a43b43d912559091c670baef785fac5
generated: "2025-07-26T00:55:28.067195+02:00"
