dependencies:
- name: common
  repository: https://charts.bitnami.com/bitnami
  version: 2.31.4
- name: kube-prometheus-stack
  repository: https://prometheus-community.github.io/helm-charts
  version: 77.6.0
- name: loki
  repository: https://grafana.github.io/helm-charts
  version: 6.39.0
- name: tempo
  repository: https://grafana.github.io/helm-charts
  version: 1.23.3
- name: alloy
  repository: https://grafana.github.io/helm-charts
  version: 1.2.1
digest: sha256:f1aadc7f7d71a7ec1b2addae52ed2b6f6f316fceeae5720ef283c5d80904a3c9
generated: "2025-09-09T20:09:45.458028+02:00"
