dependencies:
- name: gitea
  repository: https://dl.gitea.com/charts
  version: 12.3.0
- name: actions
  repository: https://dl.gitea.com/charts
  version: 0.0.1
- name: actions
  repository: https://dl.gitea.com/charts
  version: 0.0.1
- name: common
  repository: https://charts.bitnami.com/bitnami
  version: 2.31.4
digest: sha256:af9ae8adba7976aef73b0c3b5c1e129ef608f733fc4fa0a20505b11afa1c9ce5
generated: "2025-09-30T16:45:17.677418+02:00"
