dependencies:
- name: common
  repository: https://charts.bitnami.com/bitnami
  version: 2.31.4
- name: keycloak
  repository: https://charts.bitnami.com/bitnami
  version: 25.2.0
digest: sha256:3eeea7a1e12a9084e23eed3104653ed1d1b1cffa48e77a264a03fa09d87795df
generated: "2025-09-15T01:35:01.65019+02:00"
