dependencies:
- name: longhorn
  repository: https://charts.longhorn.io
  version: 1.9.1
- name: common
  repository: https://charts.bitnami.com/bitnami
  version: 2.31.4
- name: nfs-subdir-external-provisioner
  repository: https://kubernetes-sigs.github.io/nfs-subdir-external-provisioner
  version: 4.0.18
digest: sha256:5b642d0e9edcd4efc43c3dec49290214497abaa9b84a46b3e4f7eddcd785b2ba
generated: "2025-09-15T01:32:10.87582+02:00"
