dependencies:
- name: sentry
  repository: https://sentry-kubernetes.github.io/charts
  version: 27.4.0
- name: grafana-alloy
  repository: https://charts.bitnami.com/bitnami
  version: 1.0.7
digest: sha256:b0b741661f9f4dac0a96951ddd67f37cf76e1d1be81af9734321ff0ff7101a28
generated: "2025-09-29T07:37:46.585481+02:00"
