dependencies:
- name: vaultwarden
  repository: https://charts.gabe565.com
  version: 0.16.1
- name: common
  repository: https://charts.bitnami.com/bitnami
  version: 2.31.4
digest: sha256:20033fa91e2545005513f61b1cf1c80af2b0e25d1719bfce3e00bb6649b8cdfc
generated: "2025-09-15T01:33:55.578108+02:00"
