dependencies:
- name: vaultwarden
  repository: https://charts.gabe565.com
  version: 0.16.1
- name: common
  repository: https://charts.bitnami.com/bitnami
  version: 2.31.3
digest: sha256:8a3bd098ef9a51c5737db54d7f689dbfaf13d4c8cfdd45f6738da3b31c94cf71
generated: "2025-07-21T23:14:23.862149+02:00"
