dependencies:
- name: common
  repository: https://charts.bitnami.com/bitnami
  version: 2.41.0
- name: cert-manager
  repository: https://charts.jetstack.io
  version: v1.21.0
digest: sha256:5fefbb361bb6e8844ac46d643d65736922797d0c402530a0afa2ae3c3d0c1f70
generated: "2026-07-22T14:17:23.14226+02:00"
